
Microsoft Visual Studio Solution File, Format Version 9.00
# Visual Studio 2005
Project("{8BC9CEB8-8B4A-11D0-8D11-00A0C91BC942}") = "delphi2cpp", "delphi2cpp.vcproj", "{C532AA53-B6F7-4B6B-832E-BBF58E2FF622}"
EndProject
Global
	GlobalSection(SourceCodeControl) = preSolution
		SccNumberOfProjects = 2
		SccProjectName0 = ivec_dev
		SccLocalPath0 = .
		SccProvider0 = MSSCCI:Reliable\u0020Software\u0020Code\u0020Co-op
		SccProjectUniqueName1 = delphi2cpp.vcproj
		SccLocalPath1 = .
	EndGlobalSection
	GlobalSection(SolutionConfigurationPlatforms) = preSolution
		Debug|Win32 = Debug|Win32
		Release|Win32 = Release|Win32
	EndGlobalSection
	GlobalSection(ProjectConfigurationPlatforms) = postSolution
		{C532AA53-B6F7-4B6B-832E-BBF58E2FF622}.Debug|Win32.ActiveCfg = Debug|Win32
		{C532AA53-B6F7-4B6B-832E-BBF58E2FF622}.Debug|Win32.Build.0 = Debug|Win32
		{C532AA53-B6F7-4B6B-832E-BBF58E2FF622}.Release|Win32.ActiveCfg = Release|Win32
		{C532AA53-B6F7-4B6B-832E-BBF58E2FF622}.Release|Win32.Build.0 = Release|Win32
	EndGlobalSection
	GlobalSection(SolutionProperties) = preSolution
		HideSolutionNode = FALSE
	EndGlobalSection
EndGlobal
